// !$*UTF8*$!
{
	archiveVersion = 1;
	classes = {
	};
	objectVersion = 56;
	objects = {

/* Begin PBXBuildFile section */
		DEAA94FC2C8902AF00551B64 /* AppDelegate.swift in Sources */ = {isa = PBXBuildFile; fileRef = DEAA94FB2C8902AF00551B64 /* AppDelegate.swift */; };
		DEAA94FE2C8902AF00551B64 /* ViewController.swift in Sources */ = {isa = PBXBuildFile; fileRef = DEAA94FD2C8902AF00551B64 /* ViewController.swift */; };
		DEAA95002C8902B100551B64 /* Assets.xcassets in Resources */ = {isa = PBXBuildFile; fileRef = DEAA94FF2C8902B100551B64 /* Assets.xcassets */; };
		DEAA95032C8902B100551B64 /* Base in Resources */ = {isa = PBXBuildFile; fileRef = DEAA95022C8902B100551B64 /* Base */; };
		DEAA950E2C8902B200551B64 /* Stickies_Tests.swift in Sources */ = {isa = PBXBuildFile; fileRef = DEAA950D2C8902B200551B64 /* Stickies_Tests.swift */; };
		DEAA95182C8902B200551B64 /* Stickies_UITests.swift in Sources */ = {isa = PBXBuildFile; fileRef = DEAA95172C8902B200551B64 /* Stickies_UITests.swift */; };
		DEAA951A2C8902B200551B64 /* Stickies_UITestsLaunchTests.swift in Sources */ = {isa = PBXBuildFile; fileRef = DEAA95192C8902B200551B64 /* Stickies_UITestsLaunchTests.swift */; };
		DEAA95272C8904C400551B64 /* DraggableTitleBar.swift in Sources */ = {isa = PBXBuildFile; fileRef = DEAA95262C8904C400551B64 /* DraggableTitleBar.swift */; };
		DEAA95292C89072500551B64 /* CustomWindow.swift in Sources */ = {isa = PBXBuildFile; fileRef = DEAA95282C89072500551B64 /* CustomWindow.swift */; };
		DEAA952D2C8E616900551B64 /* WindowManager.swift in Sources */ = {isa = PBXBuildFile; fileRef = DEAA952C2C8E616900551B64 /* WindowManager.swift */; };
		DEAA952F2C8E618200551B64 /* ColorMenuManager.swift in Sources */ = {isa = PBXBuildFile; fileRef = DEAA952E2C8E618200551B64 /* ColorMenuManager.swift */; };
		DEAA95312C8E619400551B64 /* CustomTextView.swift in Sources */ = {isa = PBXBuildFile; fileRef = DEAA95302C8E619400551B64 /* CustomTextView.swift */; };
		DEAA95332C8E61AA00551B64 /* NSColor+Hex.swift in Sources */ = {isa = PBXBuildFile; fileRef = DEAA95322C8E61AA00551B64 /* NSColor+Hex.swift */; };
		DEAA95392C8E79D000551B64 /* WindowPropertiesManager.swift in Sources */ = {isa = PBXBuildFile; fileRef = DEAA95382C8E79D000551B64 /* WindowPropertiesManager.swift */; };
/* End PBXBuildFile section */

/* Begin PBXContainerItemProxy section */
		DEAA950A2C8902B200551B64 /* PBXContainerItemProxy */ = {
			isa = PBXContainerItemProxy;
			containerPortal = DEAA94F02C8902AF00551B64 /* Project object */;
			proxyType = 1;
			remoteGlobalIDString = DEAA94F72C8902AF00551B64;
			remoteInfo = "Stickies+";
		};
		DEAA95142C8902B200551B64 /* PBXContainerItemProxy */ = {
			isa = PBXContainerItemProxy;
			containerPortal = DEAA94F02C8902AF00551B64 /* Project object */;
			proxyType = 1;
			remoteGlobalIDString = DEAA94F72C8902AF00551B64;
			remoteInfo = "Stickies+";
		};
/* End PBXContainerItemProxy section */

/* Begin PBXFileReference section */
		DEAA94F82C8902AF00551B64 /* Stickies+.app */ = {isa = PBXFileReference; explicitFileType = wrapper.application; includeInIndex = 0; path = "Stickies+.app"; sourceTree = BUILT_PRODUCTS_DIR; };
		DEAA94FB2C8902AF00551B64 /* AppDelegate.swift */ = {isa = PBXFileReference; lastKnownFileType = sourcecode.swift; path = AppDelegate.swift; sourceTree = "<group>"; };
		DEAA94FD2C8902AF00551B64 /* ViewController.swift */ = {isa = PBXFileReference; lastKnownFileType = sourcecode.swift; path = ViewController.swift; sourceTree = "<group>"; };
		DEAA94FF2C8902B100551B64 /* Assets.xcassets */ = {isa = PBXFileReference; lastKnownFileType = folder.assetcatalog; path = Assets.xcassets; sourceTree = "<group>"; };
		DEAA95022C8902B100551B64 /* Base */ = {isa = PBXFileReference; lastKnownFileType = file.storyboard; name = Base; path = Base.lproj/Main.storyboard; sourceTree = "<group>"; };
		DEAA95042C8902B100551B64 /* Stickies_.entitlements */ = {isa = PBXFileReference; lastKnownFileType = text.plist.entitlements; path = Stickies_.entitlements; sourceTree = "<group>"; };
		DEAA95092C8902B200551B64 /* Stickies+Tests.xctest */ = {isa = PBXFileReference; explicitFileType = wrapper.cfbundle; includeInIndex = 0; path = "Stickies+Tests.xctest"; sourceTree = BUILT_PRODUCTS_DIR; };
		DEAA950D2C8902B200551B64 /* Stickies_Tests.swift */ = {isa = PBXFileReference; lastKnownFileType = sourcecode.swift; path = Stickies_Tests.swift; sourceTree = "<group>"; };
		DEAA95132C8902B200551B64 /* Stickies+UITests.xctest */ = {isa = PBXFileReference; explicitFileType = wrapper.cfbundle; includeInIndex = 0; path = "Stickies+UITests.xctest"; sourceTree = BUILT_PRODUCTS_DIR; };
		DEAA95172C8902B200551B64 /* Stickies_UITests.swift */ = {isa = PBXFileReference; lastKnownFileType = sourcecode.swift; path = Stickies_UITests.swift; sourceTree = "<group>"; };
		DEAA95192C8902B200551B64 /* Stickies_UITestsLaunchTests.swift */ = {isa = PBXFileReference; lastKnownFileType = sourcecode.swift; path = Stickies_UITestsLaunchTests.swift; sourceTree = "<group>"; };
		DEAA95262C8904C400551B64 /* DraggableTitleBar.swift */ = {isa = PBXFileReference; lastKnownFileType = sourcecode.swift; path = DraggableTitleBar.swift; sourceTree = "<group>"; };
		DEAA95282C89072500551B64 /* CustomWindow.swift */ = {isa = PBXFileReference; lastKnownFileType = sourcecode.swift; path = CustomWindow.swift; sourceTree = "<group>"; };
		DEAA952C2C8E616900551B64 /* WindowManager.swift */ = {isa = PBXFileReference; lastKnownFileType = sourcecode.swift; path = WindowManager.swift; sourceTree = "<group>"; };
		DEAA952E2C8E618200551B64 /* ColorMenuManager.swift */ = {isa = PBXFileReference; lastKnownFileType = sourcecode.swift; path = ColorMenuManager.swift; sourceTree = "<group>"; };
		DEAA95302C8E619400551B64 /* CustomTextView.swift */ = {isa = PBXFileReference; lastKnownFileType = sourcecode.swift; path = CustomTextView.swift; sourceTree = "<group>"; };
		DEAA95322C8E61AA00551B64 /* NSColor+Hex.swift */ = {isa = PBXFileReference; lastKnownFileType = sourcecode.swift; path = "NSColor+Hex.swift"; sourceTree = "<group>"; };
		DEAA95382C8E79D000551B64 /* WindowPropertiesManager.swift */ = {isa = PBXFileReference; lastKnownFileType = sourcecode.swift; path = WindowPropertiesManager.swift; sourceTree = "<group>"; };
/* End PBXFileReference section */

/* Begin PBXFrameworksBuildPhase section */
		DEAA94F52C8902AF00551B64 /* Frameworks */ = {
			isa = PBXFrameworksBuildPhase;
			buildActionMask = 2147483647;
			files = (
			);
			runOnlyForDeploymentPostprocessing = 0;
		};
		DEAA95062C8902B200551B64 /* Frameworks */ = {
			isa = PBXFrameworksBuildPhase;
			buildActionMask = 2147483647;
			files = (
			);
			runOnlyForDeploymentPostprocessing = 0;
		};
		DEAA95102C8902B200551B64 /* Frameworks */ = {
			isa = PBXFrameworksBuildPhase;
			buildActionMask = 2147483647;
			files = (
			);
			runOnlyForDeploymentPostprocessing = 0;
		};
/* End PBXFrameworksBuildPhase section */

/* Begin PBXGroup section */
		DEAA94EF2C8902AF00551B64 = {
			isa = PBXGroup;
			children = (
				DEAA94FA2C8902AF00551B64 /* Stickies+ */,
				DEAA950C2C8902B200551B64 /* Stickies+Tests */,
				DEAA95162C8902B200551B64 /* Stickies+UITests */,
				DEAA94F92C8902AF00551B64 /* Products */,
			);
			sourceTree = "<group>";
		};
		DEAA94F92C8902AF00551B64 /* Products */ = {
			isa = PBXGroup;
			children = (
				DEAA94F82C8902AF00551B64 /* Stickies+.app */,
				DEAA95092C8902B200551B64 /* Stickies+Tests.xctest */,
				DEAA95132C8902B200551B64 /* Stickies+UITests.xctest */,
			);
			name = Products;
			sourceTree = "<group>";
		};
		DEAA94FA2C8902AF00551B64 /* Stickies+ */ = {
			isa = PBXGroup;
			children = (
				DEAA94FB2C8902AF00551B64 /* AppDelegate.swift */,
				DEAA94FD2C8902AF00551B64 /* ViewController.swift */,
				DEAA94FF2C8902B100551B64 /* Assets.xcassets */,
				DEAA95012C8902B100551B64 /* Main.storyboard */,
				DEAA95042C8902B100551B64 /* Stickies_.entitlements */,
				DEAA95262C8904C400551B64 /* DraggableTitleBar.swift */,
				DEAA95282C89072500551B64 /* CustomWindow.swift */,
				DEAA952C2C8E616900551B64 /* WindowManager.swift */,
				DEAA952E2C8E618200551B64 /* ColorMenuManager.swift */,
				DEAA95302C8E619400551B64 /* CustomTextView.swift */,
				DEAA95322C8E61AA00551B64 /* NSColor+Hex.swift */,
				DEAA95382C8E79D000551B64 /* WindowPropertiesManager.swift */,
			);
			path = "Stickies+";
			sourceTree = "<group>";
		};
		DEAA950C2C8902B200551B64 /* Stickies+Tests */ = {
			isa = PBXGroup;
			children = (
				DEAA950D2C8902B200551B64 /* Stickies_Tests.swift */,
			);
			path = "Stickies+Tests";
			sourceTree = "<group>";
		};
		DEAA95162C8902B200551B64 /* Stickies+UITests */ = {
			isa = PBXGroup;
			children = (
				DEAA95172C8902B200551B64 /* Stickies_UITests.swift */,
				DEAA95192C8902B200551B64 /* Stickies_UITestsLaunchTests.swift */,
			);
			path = "Stickies+UITests";
			sourceTree = "<group>";
		};
/* End PBXGroup section */

/* Begin PBXNativeTarget section */
		DEAA94F72C8902AF00551B64 /* Stickies+ */ = {
			isa = PBXNativeTarget;
			buildConfigurationList = DEAA951D2C8902B200551B64 /* Build configuration list for PBXNativeTarget "Stickies+" */;
			buildPhases = (
				DEAA94F42C8902AF00551B64 /* Sources */,
				DEAA94F52C8902AF00551B64 /* Frameworks */,
				DEAA94F62C8902AF00551B64 /* Resources */,
			);
			buildRules = (
			);
			dependencies = (
			);
			name = "Stickies+";
			productName = "Stickies+";
			productReference = DEAA94F82C8902AF00551B64 /* Stickies+.app */;
			productType = "com.apple.product-type.application";
		};
		DEAA95082C8902B200551B64 /* Stickies+Tests */ = {
			isa = PBXNativeTarget;
			buildConfigurationList = DEAA95202C8902B200551B64 /* Build configuration list for PBXNativeTarget "Stickies+Tests" */;
			buildPhases = (
				DEAA95052C8902B200551B64 /* Sources */,
				DEAA95062C8902B200551B64 /* Frameworks */,
				DEAA95072C8902B200551B64 /* Resources */,
			);
			buildRules = (
			);
			dependencies = (
				DEAA950B2C8902B200551B64 /* PBXTargetDependency */,
			);
			name = "Stickies+Tests";
			productName = "Stickies+Tests";
			productReference = DEAA95092C8902B200551B64 /* Stickies+Tests.xctest */;
			productType = "com.apple.product-type.bundle.unit-test";
		};
		DEAA95122C8902B200551B64 /* Stickies+UITests */ = {
			isa = PBXNativeTarget;
			buildConfigurationList = DEAA95232C8902B200551B64 /* Build configuration list for PBXNativeTarget "Stickies+UITests" */;
			buildPhases = (
				DEAA950F2C8902B200551B64 /* Sources */,
				DEAA95102C8902B200551B64 /* Frameworks */,
				DEAA95112C8902B200551B64 /* Resources */,
			);
			buildRules = (
			);
			dependencies = (
				DEAA95152C8902B200551B64 /* PBXTargetDependency */,
			);
			name = "Stickies+UITests";
			productName = "Stickies+UITests";
			productReference = DEAA95132C8902B200551B64 /* Stickies+UITests.xctest */;
			productType = "com.apple.product-type.bundle.ui-testing";
		};
/* End PBXNativeTarget section */

/* Begin PBXProject section */
		DEAA94F02C8902AF00551B64 /* Project object */ = {
			isa = PBXProject;
			attributes = {
				BuildIndependentTargetsInParallel = 1;
				LastSwiftUpdateCheck = 1540;
				LastUpgradeCheck = 1540;
				TargetAttributes = {
					DEAA94F72C8902AF00551B64 = {
						CreatedOnToolsVersion = 15.4;
					};
					DEAA95082C8902B200551B64 = {
						CreatedOnToolsVersion = 15.4;
						TestTargetID = DEAA94F72C8902AF00551B64;
					};
					DEAA95122C8902B200551B64 = {
						CreatedOnToolsVersion = 15.4;
						TestTargetID = DEAA94F72C8902AF00551B64;
					};
				};
			};
			buildConfigurationList = DEAA94F32C8902AF00551B64 /* Build configuration list for PBXProject "Stickies+" */;
			compatibilityVersion = "Xcode 14.0";
			developmentRegion = en;
			hasScannedForEncodings = 0;
			knownRegions = (
				en,
				Base,
			);
			mainGroup = DEAA94EF2C8902AF00551B64;
			productRefGroup = DEAA94F92C8902AF00551B64 /* Products */;
			projectDirPath = "";
			projectRoot = "";
			targets = (
				DEAA94F72C8902AF00551B64 /* Stickies+ */,
				DEAA95082C8902B200551B64 /* Stickies+Tests */,
				DEAA95122C8902B200551B64 /* Stickies+UITests */,
			);
		};
/* End PBXProject section */

/* Begin PBXResourcesBuildPhase section */
		DEAA94F62C8902AF00551B64 /* Resources */ = {
			isa = PBXResourcesBuildPhase;
			buildActionMask = 2147483647;
			files = (
				DEAA95002C8902B100551B64 /* Assets.xcassets in Resources */,
				DEAA95032C8902B100551B64 /* Base in Resources */,
			);
			runOnlyForDeploymentPostprocessing = 0;
		};
		DEAA95072C8902B200551B64 /* Resources */ = {
			isa = PBXResourcesBuildPhase;
			buildActionMask = 2147483647;
			files = (
			);
			runOnlyForDeploymentPostprocessing = 0;
		};
		DEAA95112C8902B200551B64 /* Resources */ = {
			isa = PBXResourcesBuildPhase;
			buildActionMask = 2147483647;
			files = (
			);
			runOnlyForDeploymentPostprocessing = 0;
		};
/* End PBXResourcesBuildPhase section */

/* Begin PBXSourcesBuildPhase section */
		DEAA94F42C8902AF00551B64 /* Sources */ = {
			isa = PBXSourcesBuildPhase;
			buildActionMask = 2147483647;
			files = (
				DEAA952F2C8E618200551B64 /* ColorMenuManager.swift in Sources */,
				DEAA95292C89072500551B64 /* CustomWindow.swift in Sources */,
				DEAA94FE2C8902AF00551B64 /* ViewController.swift in Sources */,
				DEAA95272C8904C400551B64 /* DraggableTitleBar.swift in Sources */,
				DEAA95332C8E61AA00551B64 /* NSColor+Hex.swift in Sources */,
				DEAA95392C8E79D000551B64 /* WindowPropertiesManager.swift in Sources */,
				DEAA95312C8E619400551B64 /* CustomTextView.swift in Sources */,
				DEAA94FC2C8902AF00551B64 /* AppDelegate.swift in Sources */,
				DEAA952D2C8E616900551B64 /* WindowManager.swift in Sources */,
			);
			runOnlyForDeploymentPostprocessing = 0;
		};
		DEAA95052C8902B200551B64 /* Sources */ = {
			isa = PBXSourcesBuildPhase;
			buildActionMask = 2147483647;
			files = (
				DEAA950E2C8902B200551B64 /* Stickies_Tests.swift in Sources */,
			);
			runOnlyForDeploymentPostprocessing = 0;
		};
		DEAA950F2C8902B200551B64 /* Sources */ = {
			isa = PBXSourcesBuildPhase;
			buildActionMask = 2147483647;
			files = (
				DEAA95182C8902B200551B64 /* Stickies_UITests.swift in Sources */,
				DEAA951A2C8902B200551B64 /* Stickies_UITestsLaunchTests.swift in Sources */,
			);
			runOnlyForDeploymentPostprocessing = 0;
		};
/* End PBXSourcesBuildPhase section */

/* Begin PBXTargetDependency section */
		DEAA950B2C8902B200551B64 /* PBXTargetDependency */ = {
			isa = PBXTargetDependency;
			target = DEAA94F72C8902AF00551B64 /* Stickies+ */;
			targetProxy = DEAA950A2C8902B200551B64 /* PBXContainerItemProxy */;
		};
		DEAA95152C8902B200551B64 /* PBXTargetDependency */ = {
			isa = PBXTargetDependency;
			target = DEAA94F72C8902AF00551B64 /* Stickies+ */;
			targetProxy = DEAA95142C8902B200551B64 /* PBXContainerItemProxy */;
		};
/* End PBXTargetDependency section */

/* Begin PBXVariantGroup section */
		DEAA95012C8902B100551B64 /* Main.storyboard */ = {
			isa = PBXVariantGroup;
			children = (
				DEAA95022C8902B100551B64 /* Base */,
			);
			name = Main.storyboard;
			sourceTree = "<group>";
		};
/* End PBXVariantGroup section */

/* Begin XCBuildConfiguration section */
		DEAA951B2C8902B200551B64 /* Debug */ = {
			isa = XCBuildConfiguration;
			buildSettings = {
				ALWAYS_SEARCH_USER_PATHS = NO;
				ASSETCATALOG_COMPILER_GENERATE_SWIFT_ASSET_SYMBOL_EXTENSIONS = YES;
				CLANG_ANALYZER_NONNULL = YES;
				CLANG_ANALYZER_NUMBER_OBJECT_CONVERSION = YES_AGGRESSIVE;
				CLANG_CXX_LANGUAGE_STANDARD = "gnu++20";
				CLANG_ENABLE_MODULES = YES;
				CLANG_ENABLE_OBJC_ARC = YES;
				CLANG_ENABLE_OBJC_WEAK = YES;
				CLANG_WARN_BLOCK_CAPTURE_AUTORELEASING = YES;
				CLANG_WARN_BOOL_CONVERSION = YES;
				CLANG_WARN_COMMA = YES;
				CLANG_WARN_CONSTANT_CONVERSION = YES;
				CLANG_WARN_DEPRECATED_OBJC_IMPLEMENTATIONS = YES;
				CLANG_WARN_DIRECT_OBJC_ISA_USAGE = YES_ERROR;
				CLANG_WARN_DOCUMENTATION_COMMENTS = YES;
				CLANG_WARN_EMPTY_BODY = YES;
				CLANG_WARN_ENUM_CONVERSION = YES;
				CLANG_WARN_INFINITE_RECURSION = YES;
				CLANG_WARN_INT_CONVERSION = YES;
				CLANG_WARN_NON_LITERAL_NULL_CONVERSION = YES;
				CLANG_WARN_OBJC_IMPLICIT_RETAIN_SELF = YES;
				CLANG_WARN_OBJC_LITERAL_CONVERSION = YES;
				CLANG_WARN_OBJC_ROOT_CLASS = YES_ERROR;
				CLANG_WARN_QUOTED_INCLUDE_IN_FRAMEWORK_HEADER = YES;
				CLANG_WARN_RANGE_LOOP_ANALYSIS = YES;
				CLANG_WARN_STRICT_PROTOTYPES = YES;
				CLANG_WARN_SUSPICIOUS_MOVE = YES;
				CLANG_WARN_UNGUARDED_AVAILABILITY = YES_AGGRESSIVE;
				CLANG_WARN_UNREACHABLE_CODE = YES;
				CLANG_WARN__DUPLICATE_METHOD_MATCH = YES;
				COPY_PHASE_STRIP = NO;
				DEBUG_INFORMATION_FORMAT = dwarf;
				ENABLE_STRICT_OBJC_MSGSEND = YES;
				ENABLE_TESTABILITY = YES;
				ENABLE_USER_SCRIPT_SANDBOXING = YES;
				GCC_C_LANGUAGE_STANDARD = gnu17;
				GCC_DYNAMIC_NO_PIC = NO;
				GCC_NO_COMMON_BLOCKS = YES;
				GCC_OPTIMIZATION_LEVEL = 0;
				GCC_PREPROCESSOR_DEFINITIONS = (
					"DEBUG=1",
					"$(inherited)",
				);
				GCC_WARN_64_TO_32_BIT_CONVERSION = YES;
				GCC_WARN_ABOUT_RETURN_TYPE = YES_ERROR;
				GCC_WARN_UNDECLARED_SELECTOR = YES;
				GCC_WARN_UNINITIALIZED_AUTOS = YES_AGGRESSIVE;
				GCC_WARN_UNUSED_FUNCTION = YES;
				GCC_WARN_UNUSED_VARIABLE = YES;
				LOCALIZATION_PREFERS_STRING_CATALOGS = YES;
				MACOSX_DEPLOYMENT_TARGET = 14.2;
				MTL_ENABLE_DEBUG_INFO = INCLUDE_SOURCE;
				MTL_FAST_MATH = YES;
				ONLY_ACTIVE_ARCH = YES;
				SDKROOT = macosx;
				SWIFT_ACTIVE_COMPILATION_CONDITIONS = "DEBUG $(inherited)";
				SWIFT_OPTIMIZATION_LEVEL = "-Onone";
			};
			name = Debug;
		};
		DEAA951C2C8902B200551B64 /* Release */ = {
			isa = XCBuildConfiguration;
			buildSettings = {
				ALWAYS_SEARCH_USER_PATHS = NO;
				ASSETCATALOG_COMPILER_GENERATE_SWIFT_ASSET_SYMBOL_EXTENSIONS = YES;
				CLANG_ANALYZER_NONNULL = YES;
				CLANG_ANALYZER_NUMBER_OBJECT_CONVERSION = YES_AGGRESSIVE;
				CLANG_CXX_LANGUAGE_STANDARD = "gnu++20";
				CLANG_ENABLE_MODULES = YES;
				CLANG_ENABLE_OBJC_ARC = YES;
				CLANG_ENABLE_OBJC_WEAK = YES;
				CLANG_WARN_BLOCK_CAPTURE_AUTORELEASING = YES;
				CLANG_WARN_BOOL_CONVERSION = YES;
				CLANG_WARN_COMMA = YES;
				CLANG_WARN_CONSTANT_CONVERSION = YES;
				CLANG_WARN_DEPRECATED_OBJC_IMPLEMENTATIONS = YES;
				CLANG_WARN_DIRECT_OBJC_ISA_USAGE = YES_ERROR;
				CLANG_WARN_DOCUMENTATION_COMMENTS = YES;
				CLANG_WARN_EMPTY_BODY = YES;
				CLANG_WARN_ENUM_CONVERSION = YES;
				CLANG_WARN_INFINITE_RECURSION = YES;
				CLANG_WARN_INT_CONVERSION = YES;
				CLANG_WARN_NON_LITERAL_NULL_CONVERSION = YES;
				CLANG_WARN_OBJC_IMPLICIT_RETAIN_SELF = YES;
				CLANG_WARN_OBJC_LITERAL_CONVERSION = YES;
				CLANG_WARN_OBJC_ROOT_CLASS = YES_ERROR;
				CLANG_WARN_QUOTED_INCLUDE_IN_FRAMEWORK_HEADER = YES;
				CLANG_WARN_RANGE_LOOP_ANALYSIS = YES;
				CLANG_WARN_STRICT_PROTOTYPES = YES;
				CLANG_WARN_SUSPICIOUS_MOVE = YES;
				CLANG_WARN_UNGUARDED_AVAILABILITY = YES_AGGRESSIVE;
				CLANG_WARN_UNREACHABLE_CODE = YES;
				CLANG_WARN__DUPLICATE_METHOD_MATCH = YES;
				COPY_PHASE_STRIP = NO;
				DEBUG_INFORMATION_FORMAT = "dwarf-with-dsym";
				ENABLE_NS_ASSERTIONS = NO;
				ENABLE_STRICT_OBJC_MSGSEND = YES;
				ENABLE_USER_SCRIPT_SANDBOXING = YES;
				GCC_C_LANGUAGE_STANDARD = gnu17;
				GCC_NO_COMMON_BLOCKS = YES;
				GCC_WARN_64_TO_32_BIT_CONVERSION = YES;
				GCC_WARN_ABOUT_RETURN_TYPE = YES_ERROR;
				GCC_WARN_UNDECLARED_SELECTOR = YES;
				GCC_WARN_UNINITIALIZED_AUTOS = YES_AGGRESSIVE;
				GCC_WARN_UNUSED_FUNCTION = YES;
				GCC_WARN_UNUSED_VARIABLE = YES;
				LOCALIZATION_PREFERS_STRING_CATALOGS = YES;
				MACOSX_DEPLOYMENT_TARGET = 14.2;
				MTL_ENABLE_DEBUG_INFO = NO;
				MTL_FAST_MATH = YES;
				SDKROOT = macosx;
				SWIFT_COMPILATION_MODE = wholemodule;
			};
			name = Release;
		};
		DEAA951E2C8902B200551B64 /* Debug */ = {
			isa = XCBuildConfiguration;
			buildSettings = {
				ASSETCATALOG_COMPILER_APPICON_NAME = AppIcon;
				ASSETCATALOG_COMPILER_GLOBAL_ACCENT_COLOR_NAME = AccentColor;
				CODE_SIGN_ENTITLEMENTS = "Stickies+/Stickies_.entitlements";
				CODE_SIGN_STYLE = Automatic;
				COMBINE_HIDPI_IMAGES = YES;
				CURRENT_PROJECT_VERSION = 1;
				DEVELOPMENT_TEAM = 67539L6N4W;
				ENABLE_HARDENED_RUNTIME = YES;
				GENERATE_INFOPLIST_FILE = YES;
				INFOPLIST_KEY_NSHumanReadableCopyright = "";
				INFOPLIST_KEY_NSMainStoryboardFile = Main;
				INFOPLIST_KEY_NSPrincipalClass = NSApplication;
				LD_RUNPATH_SEARCH_PATHS = (
					"$(inherited)",
					"@executable_path/../Frameworks",
				);
				MARKETING_VERSION = 1.0;
				PRODUCT_BUNDLE_IDENTIFIER = "Nick-DeVeau.Stickies-";
				PRODUCT_NAME = "$(TARGET_NAME)";
				SWIFT_EMIT_LOC_STRINGS = YES;
				SWIFT_VERSION = 5.0;
			};
			name = Debug;
		};
		DEAA951F2C8902B200551B64 /* Release */ = {
			isa = XCBuildConfiguration;
			buildSettings = {
				ASSETCATALOG_COMPILER_APPICON_NAME = AppIcon;
				ASSETCATALOG_COMPILER_GLOBAL_ACCENT_COLOR_NAME = AccentColor;
				CODE_SIGN_ENTITLEMENTS = "Stickies+/Stickies_.entitlements";
				CODE_SIGN_STYLE = Automatic;
				COMBINE_HIDPI_IMAGES = YES;
				CURRENT_PROJECT_VERSION = 1;
				DEVELOPMENT_TEAM = 67539L6N4W;
				ENABLE_HARDENED_RUNTIME = YES;
				GENERATE_INFOPLIST_FILE = YES;
				INFOPLIST_KEY_NSHumanReadableCopyright = "";
				INFOPLIST_KEY_NSMainStoryboardFile = Main;
				INFOPLIST_KEY_NSPrincipalClass = NSApplication;
				LD_RUNPATH_SEARCH_PATHS = (
					"$(inherited)",
					"@executable_path/../Frameworks",
				);
				MARKETING_VERSION = 1.0;
				PRODUCT_BUNDLE_IDENTIFIER = "Nick-DeVeau.Stickies-";
				PRODUCT_NAME = "$(TARGET_NAME)";
				SWIFT_EMIT_LOC_STRINGS = YES;
				SWIFT_VERSION = 5.0;
			};
			name = Release;
		};
		DEAA95212C8902B200551B64 /* Debug */ = {
			isa = XCBuildConfiguration;
			buildSettings = {
				ALWAYS_EMBED_SWIFT_STANDARD_LIBRARIES = YES;
				BUNDLE_LOADER = "$(TEST_HOST)";
				CODE_SIGN_STYLE = Automatic;
				CURRENT_PROJECT_VERSION = 1;
				DEVELOPMENT_TEAM = 67539L6N4W;
				GENERATE_INFOPLIST_FILE = YES;
				MACOSX_DEPLOYMENT_TARGET = 14.2;
				MARKETING_VERSION = 1.0;
				PRODUCT_BUNDLE_IDENTIFIER = "Nick-DeVeau.Stickies-Tests";
				PRODUCT_NAME = "$(TARGET_NAME)";
				SWIFT_EMIT_LOC_STRINGS = NO;
				SWIFT_VERSION = 5.0;
				TEST_HOST = "$(BUILT_PRODUCTS_DIR)/Stickies+.app/$(BUNDLE_EXECUTABLE_FOLDER_PATH)/Stickies+";
			};
			name = Debug;
		};
		DEAA95222C8902B200551B64 /* Release */ = {
			isa = XCBuildConfiguration;
			buildSettings = {
				ALWAYS_EMBED_SWIFT_STANDARD_LIBRARIES = YES;
				BUNDLE_LOADER = "$(TEST_HOST)";
				CODE_SIGN_STYLE = Automatic;
				CURRENT_PROJECT_VERSION = 1;
				DEVELOPMENT_TEAM = 67539L6N4W;
				GENERATE_INFOPLIST_FILE = YES;
				MACOSX_DEPLOYMENT_TARGET = 14.2;
				MARKETING_VERSION = 1.0;
				PRODUCT_BUNDLE_IDENTIFIER = "Nick-DeVeau.Stickies-Tests";
				PRODUCT_NAME = "$(TARGET_NAME)";
				SWIFT_EMIT_LOC_STRINGS = NO;
				SWIFT_VERSION = 5.0;
				TEST_HOST = "$(BUILT_PRODUCTS_DIR)/Stickies+.app/$(BUNDLE_EXECUTABLE_FOLDER_PATH)/Stickies+";
			};
			name = Release;
		};
		DEAA95242C8902B200551B64 /* Debug */ = {
			isa = XCBuildConfiguration;
			buildSettings = {
				ALWAYS_EMBED_SWIFT_STANDARD_LIBRARIES = YES;
				CODE_SIGN_STYLE = Automatic;
				CURRENT_PROJECT_VERSION = 1;
				DEVELOPMENT_TEAM = 67539L6N4W;
				GENERATE_INFOPLIST_FILE = YES;
				MARKETING_VERSION = 1.0;
				PRODUCT_BUNDLE_IDENTIFIER = "Nick-DeVeau.Stickies-UITests";
				PRODUCT_NAME = "$(TARGET_NAME)";
				SWIFT_EMIT_LOC_STRINGS = NO;
				SWIFT_VERSION = 5.0;
				TEST_TARGET_NAME = "Stickies+";
			};
			name = Debug;
		};
		DEAA95252C8902B200551B64 /* Release */ = {
			isa = XCBuildConfiguration;
			buildSettings = {
				ALWAYS_EMBED_SWIFT_STANDARD_LIBRARIES = YES;
				CODE_SIGN_STYLE = Automatic;
				CURRENT_PROJECT_VERSION = 1;
				DEVELOPMENT_TEAM = 67539L6N4W;
				GENERATE_INFOPLIST_FILE = YES;
				MARKETING_VERSION = 1.0;
				PRODUCT_BUNDLE_IDENTIFIER = "Nick-DeVeau.Stickies-UITests";
				PRODUCT_NAME = "$(TARGET_NAME)";
				SWIFT_EMIT_LOC_STRINGS = NO;
				SWIFT_VERSION = 5.0;
				TEST_TARGET_NAME = "Stickies+";
			};
			name = Release;
		};
/* End XCBuildConfiguration section */

/* Begin XCConfigurationList section */
		DEAA94F32C8902AF00551B64 /* Build configuration list for PBXProject "Stickies+" */ = {
			isa = XCConfigurationList;
			buildConfigurations = (
				DEAA951B2C8902B200551B64 /* Debug */,
				DEAA951C2C8902B200551B64 /* Release */,
			);
			defaultConfigurationIsVisible = 0;
			defaultConfigurationName = Release;
		};
		DEAA951D2C8902B200551B64 /* Build configuration list for PBXNativeTarget "Stickies+" */ = {
			isa = XCConfigurationList;
			buildConfigurations = (
				DEAA951E2C8902B200551B64 /* Debug */,
				DEAA951F2C8902B200551B64 /* Release */,
			);
			defaultConfigurationIsVisible = 0;
			defaultConfigurationName = Release;
		};
		DEAA95202C8902B200551B64 /* Build configuration list for PBXNativeTarget "Stickies+Tests" */ = {
			isa = XCConfigurationList;
			buildConfigurations = (
				DEAA95212C8902B200551B64 /* Debug */,
				DEAA95222C8902B200551B64 /* Release */,
			);
			defaultConfigurationIsVisible = 0;
			defaultConfigurationName = Release;
		};
		DEAA95232C8902B200551B64 /* Build configuration list for PBXNativeTarget "Stickies+UITests" */ = {
			isa = XCConfigurationList;
			buildConfigurations = (
				DEAA95242C8902B200551B64 /* Debug */,
				DEAA95252C8902B200551B64 /* Release */,
			);
			defaultConfigurationIsVisible = 0;
			defaultConfigurationName = Release;
		};
/* End XCConfigurationList section */
	};
	rootObject = DEAA94F02C8902AF00551B64 /* Project object */;
}
